{
  "name": "zool-stylus",
  "version": "0.1.0",
  "lockfileVersion": 1,
  "requires": true,
  "dependencies": {
    "accept": {
      "version": "2.1.4",
      "resolved": "https://registry.npmjs.org/accept/-/accept-2.1.4.tgz",
      "integrity": "sha1-iHr1TO7lx/RDBGGXHsQAxh0JrLs=",
      "requires": {
        "boom": "5.2.0",
        "hoek": "4.2.0"
      },
      "dependencies": {
        "boom": {
          "version": "5.2.0",
          "resolved": "https://registry.npmjs.org/boom/-/boom-5.2.0.tgz",
          "integrity": "sha512-Z5BTk6ZRe4tXXQlkqftmsAUANpXmuwlsF5Oov8ThoMbQRzdGTA1ngYRW160GexgOgjsFOKJz0LYhoNi+2AMBUw==",
          "requires": {
            "hoek": "4.2.0"
          }
        },
        "hoek": {
          "version": "4.2.0",
          "resolved": "https://registry.npmjs.org/hoek/-/hoek-4.2.0.tgz",
          "integrity": "sha512-v0XCLxICi9nPfYrS9RL8HbYnXi9obYAeLbSP00BmnZwCK9+Ih9WOjoZ8YoHCoav2csqn4FOz4Orldsy2dmDwmQ=="
        }
      }
    },
    "amdefine": {
      "version": "1.0.1",
      "resolved": "https://registry.npmjs.org/amdefine/-/amdefine-1.0.1.tgz",
      "integrity": "sha1-SlKCrBZHKek2Gbz9OtFR+BfOkfU="
    },
    "ammo": {
      "version": "1.0.1",
      "resolved": "https://registry.npmjs.org/ammo/-/ammo-1.0.1.tgz",
      "integrity": "sha1-j4rdFM1Jve3jurOj4OvK8h0D3os=",
      "requires": {
        "boom": "2.10.1",
        "hoek": "2.16.3"
      }
    },
    "assertion-error": {
      "version": "1.0.2",
      "resolved": "https://registry.npmjs.org/assertion-error/-/assertion-error-1.0.2.tgz",
      "integrity": "sha1-E8pRXYYgbaC6xm6DTdOX2HWBCUw=",
      "dev": true
    },
    "b64": {
      "version": "3.0.3",
      "resolved": "https://registry.npmjs.org/b64/-/b64-3.0.3.tgz",
      "integrity": "sha512-Pbeh0i6OLubPJdIdCepn8ZQHwN2MWznZHbHABSTEfQ706ie+yuxNSaPdqX1xRatT6WanaS1EazMiSg0NUW2XxQ=="
    },
    "balanced-match": {
      "version": "1.0.0",
      "resolved": "https://registry.npmjs.org/balanced-match/-/balanced-match-1.0.0.tgz",
      "integrity": "sha1-ibTRmasr7kneFk6gK4nORi1xt2c="
    },
    "bluebird": {
      "version": "3.2.2",
      "resolved": "https://registry.npmjs.org/bluebird/-/bluebird-3.2.2.tgz",
      "integrity": "sha1-FkNH0/yrIeyp24SbS4Vr7JYEEFE="
    },
    "boom": {
      "version": "2.10.1",
      "resolved": "https://registry.npmjs.org/boom/-/boom-2.10.1.tgz",
      "integrity": "sha1-OciRjO/1eZ+D+UkqhI9iWt0Mdm8=",
      "requires": {
        "hoek": "2.16.3"
      }
    },
    "brace-expansion": {
      "version": "1.1.8",
      "resolved": "https://registry.npmjs.org/brace-expansion/-/brace-expansion-1.1.8.tgz",
      "integrity": "sha1-wHshHHyVLsH479Uad+8NHTmQopI=",
      "requires": {
        "balanced-match": "1.0.0",
        "concat-map": "0.0.1"
      }
    },
    "call": {
      "version": "4.0.2",
      "resolved": "https://registry.npmjs.org/call/-/call-4.0.2.tgz",
      "integrity": "sha1-33b19R7o3Ui4VqyEAPfmnm1zmcQ=",
      "requires": {
        "boom": "5.2.0",
        "hoek": "4.2.0"
      },
      "dependencies": {
        "boom": {
          "version": "5.2.0",
          "resolved": "https://registry.npmjs.org/boom/-/boom-5.2.0.tgz",
          "integrity": "sha512-Z5BTk6ZRe4tXXQlkqftmsAUANpXmuwlsF5Oov8ThoMbQRzdGTA1ngYRW160GexgOgjsFOKJz0LYhoNi+2AMBUw==",
          "requires": {
            "hoek": "4.2.0"
          }
        },
        "hoek": {
          "version": "4.2.0",
          "resolved": "https://registry.npmjs.org/hoek/-/hoek-4.2.0.tgz",
          "integrity": "sha512-v0XCLxICi9nPfYrS9RL8HbYnXi9obYAeLbSP00BmnZwCK9+Ih9WOjoZ8YoHCoav2csqn4FOz4Orldsy2dmDwmQ=="
        }
      }
    },
    "catbox": {
      "version": "7.1.5",
      "resolved": "https://registry.npmjs.org/catbox/-/catbox-7.1.5.tgz",
      "integrity": "sha512-4fui5lELzqZ+9cnaAP/BcqXTH6LvWLBRtFhJ0I4FfgfXiSaZcf6k9m9dqOyChiTxNYtvLk7ZMYSf7ahMq3bf5A==",
      "requires": {
        "boom": "5.2.0",
        "hoek": "4.2.0",
        "joi": "10.6.0"
      },
      "dependencies": {
        "boom": {
          "version": "5.2.0",
          "resolved": "https://registry.npmjs.org/boom/-/boom-5.2.0.tgz",
          "integrity": "sha512-Z5BTk6ZRe4tXXQlkqftmsAUANpXmuwlsF5Oov8ThoMbQRzdGTA1ngYRW160GexgOgjsFOKJz0LYhoNi+2AMBUw==",
          "requires": {
            "hoek": "4.2.0"
          }
        },
        "hoek": {
          "version": "4.2.0",
          "resolved": "https://registry.npmjs.org/hoek/-/hoek-4.2.0.tgz",
          "integrity": "sha512-v0XCLxICi9nPfYrS9RL8HbYnXi9obYAeLbSP00BmnZwCK9+Ih9WOjoZ8YoHCoav2csqn4FOz4Orldsy2dmDwmQ=="
        },
        "isemail": {
          "version": "2.2.1",
          "resolved": "https://registry.npmjs.org/isemail/-/isemail-2.2.1.tgz",
          "integrity": "sha1-A1PT2aYpUQgMJiwqoKQrjqjp4qY="
        },
        "items": {
          "version": "2.1.1",
          "resolved": "https://registry.npmjs.org/items/-/items-2.1.1.tgz",
          "integrity": "sha1-i9FtnIOxlSneWuoyGsqtp4NkoZg="
        },
        "joi": {
          "version": "10.6.0",
          "resolved": "https://registry.npmjs.org/joi/-/joi-10.6.0.tgz",
          "integrity": "sha512-hBF3LcqyAid+9X/pwg+eXjD2QBZI5eXnBFJYaAkH4SK3mp9QSRiiQnDYlmlz5pccMvnLcJRS4whhDOTCkmsAdQ==",
          "requires": {
            "hoek": "4.2.0",
            "isemail": "2.2.1",
            "items": "2.1.1",
            "topo": "2.0.2"
          }
        },
        "topo": {
          "version": "2.0.2",
          "resolved": "https://registry.npmjs.org/topo/-/topo-2.0.2.tgz",
          "integrity": "sha1-zVYVdSU5BXwNwEkaYhw7xvvh0YI=",
          "requires": {
            "hoek": "4.2.0"
          }
        }
      }
    },
    "catbox-memory": {
      "version": "2.0.4",
      "resolved": "https://registry.npmjs.org/catbox-memory/-/catbox-memory-2.0.4.tgz",
      "integrity": "sha1-Qz4lWQLK9UIz0ShkKcj03xToItU=",
      "requires": {
        "hoek": "4.2.0"
      },
      "dependencies": {
        "hoek": {
          "version": "4.2.0",
          "resolved": "https://registry.npmjs.org/hoek/-/hoek-4.2.0.tgz",
          "integrity": "sha512-v0XCLxICi9nPfYrS9RL8HbYnXi9obYAeLbSP00BmnZwCK9+Ih9WOjoZ8YoHCoav2csqn4FOz4Orldsy2dmDwmQ=="
        }
      }
    },
    "chai": {
      "version": "3.5.0",
      "resolved": "https://registry.npmjs.org/chai/-/chai-3.5.0.tgz",
      "integrity": "sha1-TQJjewZ/6Vi9v906QOxW/vc3Mkc=",
      "dev": true,
      "requires": {
        "assertion-error": "1.0.2",
        "deep-eql": "0.1.3",
        "type-detect": "1.0.0"
      }
    },
    "colors": {
      "version": "1.1.2",
      "resolved": "https://registry.npmjs.org/colors/-/colors-1.1.2.tgz",
      "integrity": "sha1-FopHAXVran9RoSzgyXv6KMCE7WM="
    },
    "commander": {
      "version": "2.11.0",
      "resolved": "https://registry.npmjs.org/commander/-/commander-2.11.0.tgz",
      "integrity": "sha512-b0553uYA5YAEGgyYIGYROzKQ7X5RAqedkfjiZxwi0kL1g3bOaBNNZfYkzt/CL0umgD5wc9Jec2FbB98CjkMRvQ==",
      "dev": true
    },
    "concat-map": {
      "version": "0.0.1",
      "resolved": "https://registry.npmjs.org/concat-map/-/concat-map-0.0.1.tgz",
      "integrity": "sha1-2Klr13/Wjfd5OnMDajug1UBdR3s="
    },
    "content": {
      "version": "3.0.6",
      "resolved": "https://registry.npmjs.org/content/-/content-3.0.6.tgz",
      "integrity": "sha512-tyl3fRp8jOHsQR0X9vrIy0mKQccv0tA9/RlvLl514eA7vHOJr/TnmMTpgQjInwbeW9IOQVy0OECGAuQNUa0nnQ==",
      "requires": {
        "boom": "5.2.0"
      },
      "dependencies": {
        "boom": {
          "version": "5.2.0",
          "resolved": "https://registry.npmjs.org/boom/-/boom-5.2.0.tgz",
          "integrity": "sha512-Z5BTk6ZRe4tXXQlkqftmsAUANpXmuwlsF5Oov8ThoMbQRzdGTA1ngYRW160GexgOgjsFOKJz0LYhoNi+2AMBUw==",
          "requires": {
            "hoek": "4.2.0"
          }
        },
        "hoek": {
          "version": "4.2.0",
          "resolved": "https://registry.npmjs.org/hoek/-/hoek-4.2.0.tgz",
          "integrity": "sha512-v0XCLxICi9nPfYrS9RL8HbYnXi9obYAeLbSP00BmnZwCK9+Ih9WOjoZ8YoHCoav2csqn4FOz4Orldsy2dmDwmQ=="
        }
      }
    },
    "cryptiles": {
      "version": "3.1.2",
      "resolved": "https://registry.npmjs.org/cryptiles/-/cryptiles-3.1.2.tgz",
      "integrity": "sha1-qJ+7Ig9c4l7FboxKqKT9e1sNKf4=",
      "requires": {
        "boom": "5.2.0"
      },
      "dependencies": {
        "boom": {
          "version": "5.2.0",
          "resolved": "https://registry.npmjs.org/boom/-/boom-5.2.0.tgz",
          "integrity": "sha512-Z5BTk6ZRe4tXXQlkqftmsAUANpXmuwlsF5Oov8ThoMbQRzdGTA1ngYRW160GexgOgjsFOKJz0LYhoNi+2AMBUw==",
          "requires": {
            "hoek": "4.2.0"
          }
        },
        "hoek": {
          "version": "4.2.0",
          "resolved": "https://registry.npmjs.org/hoek/-/hoek-4.2.0.tgz",
          "integrity": "sha512-v0XCLxICi9nPfYrS9RL8HbYnXi9obYAeLbSP00BmnZwCK9+Ih9WOjoZ8YoHCoav2csqn4FOz4Orldsy2dmDwmQ=="
        }
      }
    },
    "css-parse": {
      "version": "1.7.0",
      "resolved": "https://registry.npmjs.org/css-parse/-/css-parse-1.7.0.tgz",
      "integrity": "sha1-Mh9s9zeCpv91ERE5D8BeLGV9jJs="
    },
    "debug": {
      "version": "3.0.1",
      "resolved": "https://registry.npmjs.org/debug/-/debug-3.0.1.tgz",
      "integrity": "sha512-6nVc6S36qbt/mutyt+UGMnawAMrPDZUPQjRZI3FS9tCtDRhvxJbK79unYBLPi+z5SLXQ3ftoVBFCblQtNSls8w==",
      "requires": {
        "ms": "2.0.0"
      }
    },
    "deep-eql": {
      "version": "0.1.3",
      "resolved": "https://registry.npmjs.org/deep-eql/-/deep-eql-0.1.3.tgz",
      "integrity": "sha1-71WKyrjeJSBs1xOQbXTlaTDrafI=",
      "dev": true,
      "requires": {
        "type-detect": "0.1.1"
      },
      "dependencies": {
        "type-detect": {
          "version": "0.1.1",
          "resolved": "https://registry.npmjs.org/type-detect/-/type-detect-0.1.1.tgz",
          "integrity": "sha1-C6XsKohWQORw6k6FBZcZANrFiCI=",
          "dev": true
        }
      }
    },
    "diff": {
      "version": "1.0.8",
      "resolved": "https://registry.npmjs.org/diff/-/diff-1.0.8.tgz",
      "integrity": "sha1-NDJ2MI7Jkbe8giZ+1VvBQR+XFmY=",
      "dev": true
    },
    "escape-string-regexp": {
      "version": "1.0.2",
      "resolved": "https://registry.npmjs.org/escape-string-regexp/-/escape-string-regexp-1.0.2.tgz",
      "integrity": "sha1-Tbwv5nTnGUnK8/smlc5/LcHZqNE=",
      "dev": true
    },
    "formatio": {
      "version": "1.1.1",
      "resolved": "https://registry.npmjs.org/formatio/-/formatio-1.1.1.tgz",
      "integrity": "sha1-XtPM1jZVEJc4NGXZlhmRAOhhYek=",
      "dev": true,
      "requires": {
        "samsam": "1.1.2"
      }
    },
    "fs.realpath": {
      "version": "1.0.0",
      "resolved": "https://registry.npmjs.org/fs.realpath/-/fs.realpath-1.0.0.tgz",
      "integrity": "sha1-FQStJSMVjKpA20onh8sBQRmU6k8="
    },
    "glob": {
      "version": "6.0.4",
      "resolved": "https://registry.npmjs.org/glob/-/glob-6.0.4.tgz",
      "integrity": "sha1-DwiGD2oVUSey+t1PnOJLGqtuTSI=",
      "dev": true,
      "requires": {
        "inflight": "1.0.6",
        "inherits": "2.0.3",
        "minimatch": "3.0.4",
        "once": "1.4.0",
        "path-is-absolute": "1.0.1"
      }
    },
    "graceful-fs": {
      "version": "2.0.3",
      "resolved": "https://registry.npmjs.org/graceful-fs/-/graceful-fs-2.0.3.tgz",
      "integrity": "sha1-fNLNsiiko/Nule+mzBQt59GhNtA=",
      "dev": true
    },
    "growl": {
      "version": "1.8.1",
      "resolved": "https://registry.npmjs.org/growl/-/growl-1.8.1.tgz",
      "integrity": "sha1-Sy3sjZB+k9szZiTc7AGDUC+MlCg=",
      "dev": true
    },
    "hapi": {
      "version": "16.6.0",
      "resolved": "https://registry.npmjs.org/hapi/-/hapi-16.6.0.tgz",
      "integrity": "sha512-8vZTMod1To1hpu8IowRe1aRGq2VqpgGt1rfgk4gydaXjDxCnyNDc9N0iOjiKCxntCA1Wt2//REk4OxuY/LHI5w==",
      "requires": {
        "accept": "2.1.4",
        "ammo": "2.0.4",
        "boom": "5.2.0",
        "call": "4.0.2",
        "catbox": "7.1.5",
        "catbox-memory": "2.0.4",
        "cryptiles": "3.1.2",
        "heavy": "4.0.4",
        "hoek": "4.2.0",
        "iron": "4.0.5",
        "items": "2.1.1",
        "joi": "10.6.0",
        "mimos": "3.0.3",
        "podium": "1.3.0",
        "shot": "3.4.2",
        "statehood": "5.0.3",
        "subtext": "5.0.0",
        "topo": "2.0.2"
      },
      "dependencies": {
        "ammo": {
          "version": "2.0.4",
          "resolved": "https://registry.npmjs.org/ammo/-/ammo-2.0.4.tgz",
          "integrity": "sha1-v4CqshFpjqePY+9efxE91dnokX8=",
          "requires": {
            "boom": "5.2.0",
            "hoek": "4.2.0"
          }
        },
        "boom": {
          "version": "5.2.0",
          "resolved": "https://registry.npmjs.org/boom/-/boom-5.2.0.tgz",
          "integrity": "sha512-Z5BTk6ZRe4tXXQlkqftmsAUANpXmuwlsF5Oov8ThoMbQRzdGTA1ngYRW160GexgOgjsFOKJz0LYhoNi+2AMBUw==",
          "requires": {
            "hoek": "4.2.0"
          }
        },
        "hoek": {
          "version": "4.2.0",
          "resolved": "https://registry.npmjs.org/hoek/-/hoek-4.2.0.tgz",
          "integrity": "sha512-v0XCLxICi9nPfYrS9RL8HbYnXi9obYAeLbSP00BmnZwCK9+Ih9WOjoZ8YoHCoav2csqn4FOz4Orldsy2dmDwmQ=="
        },
        "isemail": {
          "version": "2.2.1",
          "resolved": "https://registry.npmjs.org/isemail/-/isemail-2.2.1.tgz",
          "integrity": "sha1-A1PT2aYpUQgMJiwqoKQrjqjp4qY="
        },
        "items": {
          "version": "2.1.1",
          "resolved": "https://registry.npmjs.org/items/-/items-2.1.1.tgz",
          "integrity": "sha1-i9FtnIOxlSneWuoyGsqtp4NkoZg="
        },
        "joi": {
          "version": "10.6.0",
          "resolved": "https://registry.npmjs.org/joi/-/joi-10.6.0.tgz",
          "integrity": "sha512-hBF3LcqyAid+9X/pwg+eXjD2QBZI5eXnBFJYaAkH4SK3mp9QSRiiQnDYlmlz5pccMvnLcJRS4whhDOTCkmsAdQ==",
          "requires": {
            "hoek": "4.2.0",
            "isemail": "2.2.1",
            "items": "2.1.1",
            "topo": "2.0.2"
          }
        },
        "topo": {
          "version": "2.0.2",
          "resolved": "https://registry.npmjs.org/topo/-/topo-2.0.2.tgz",
          "integrity": "sha1-zVYVdSU5BXwNwEkaYhw7xvvh0YI=",
          "requires": {
            "hoek": "4.2.0"
          }
        }
      }
    },
    "heavy": {
      "version": "4.0.4",
      "resolved": "https://registry.npmjs.org/heavy/-/heavy-4.0.4.tgz",
      "integrity": "sha1-NskTNsAMz+hSyqTRUwhjNc0vAOk=",
      "requires": {
        "boom": "5.2.0",
        "hoek": "4.2.0",
        "joi": "10.6.0"
      },
      "dependencies": {
        "boom": {
          "version": "5.2.0",
          "resolved": "https://registry.npmjs.org/boom/-/boom-5.2.0.tgz",
          "integrity": "sha512-Z5BTk6ZRe4tXXQlkqftmsAUANpXmuwlsF5Oov8ThoMbQRzdGTA1ngYRW160GexgOgjsFOKJz0LYhoNi+2AMBUw==",
          "requires": {
            "hoek": "4.2.0"
          }
        },
        "hoek": {
          "version": "4.2.0",
          "resolved": "https://registry.npmjs.org/hoek/-/hoek-4.2.0.tgz",
          "integrity": "sha512-v0XCLxICi9nPfYrS9RL8HbYnXi9obYAeLbSP00BmnZwCK9+Ih9WOjoZ8YoHCoav2csqn4FOz4Orldsy2dmDwmQ=="
        },
        "isemail": {
          "version": "2.2.1",
          "resolved": "https://registry.npmjs.org/isemail/-/isemail-2.2.1.tgz",
          "integrity": "sha1-A1PT2aYpUQgMJiwqoKQrjqjp4qY="
        },
        "items": {
          "version": "2.1.1",
          "resolved": "https://registry.npmjs.org/items/-/items-2.1.1.tgz",
          "integrity": "sha1-i9FtnIOxlSneWuoyGsqtp4NkoZg="
        },
        "joi": {
          "version": "10.6.0",
          "resolved": "https://registry.npmjs.org/joi/-/joi-10.6.0.tgz",
          "integrity": "sha512-hBF3LcqyAid+9X/pwg+eXjD2QBZI5eXnBFJYaAkH4SK3mp9QSRiiQnDYlmlz5pccMvnLcJRS4whhDOTCkmsAdQ==",
          "requires": {
            "hoek": "4.2.0",
            "isemail": "2.2.1",
            "items": "2.1.1",
            "topo": "2.0.2"
          }
        },
        "topo": {
          "version": "2.0.2",
          "resolved": "https://registry.npmjs.org/topo/-/topo-2.0.2.tgz",
          "integrity": "sha1-zVYVdSU5BXwNwEkaYhw7xvvh0YI=",
          "requires": {
            "hoek": "4.2.0"
          }
        }
      }
    },
    "hoek": {
      "version": "2.16.3",
      "resolved": "https://registry.npmjs.org/hoek/-/hoek-2.16.3.tgz",
      "integrity": "sha1-ILt0A9POo5jpHcRxCo/xuCdKJe0="
    },
    "inert": {
      "version": "3.2.0",
      "resolved": "https://registry.npmjs.org/inert/-/inert-3.2.0.tgz",
      "integrity": "sha1-1+VQKtmXzUIn0pyLutBZwTrCnMQ=",
      "requires": {
        "ammo": "1.0.1",
        "boom": "2.10.1",
        "hoek": "2.16.3",
        "items": "1.1.1",
        "joi": "6.10.1",
        "lru-cache": "2.7.3"
      }
    },
    "inflight": {
      "version": "1.0.6",
      "resolved": "https://registry.npmjs.org/inflight/-/inflight-1.0.6.tgz",
      "integrity": "sha1-Sb1jMdfQLQwJvJEKEHW6gWW1bfk=",
      "requires": {
        "once": "1.4.0",
        "wrappy": "1.0.2"
      }
    },
    "inherits": {
      "version": "2.0.3",
      "resolved": "https://registry.npmjs.org/inherits/-/inherits-2.0.3.tgz",
      "integrity": "sha1-Yzwsg+PaQqUC9SRmAiSA9CCCYd4="
    },
    "iron": {
      "version": "4.0.5",
      "resolved": "https://registry.npmjs.org/iron/-/iron-4.0.5.tgz",
      "integrity": "sha1-TwQszri5c480a1mqc0yDqJvDFCg=",
      "requires": {
        "boom": "5.2.0",
        "cryptiles": "3.1.2",
        "hoek": "4.2.0"
      },
      "dependencies": {
        "boom": {
          "version": "5.2.0",
          "resolved": "https://registry.npmjs.org/boom/-/boom-5.2.0.tgz",
          "integrity": "sha512-Z5BTk6ZRe4tXXQlkqftmsAUANpXmuwlsF5Oov8ThoMbQRzdGTA1ngYRW160GexgOgjsFOKJz0LYhoNi+2AMBUw==",
          "requires": {
            "hoek": "4.2.0"
          }
        },
        "hoek": {
          "version": "4.2.0",
          "resolved": "https://registry.npmjs.org/hoek/-/hoek-4.2.0.tgz",
          "integrity": "sha512-v0XCLxICi9nPfYrS9RL8HbYnXi9obYAeLbSP00BmnZwCK9+Ih9WOjoZ8YoHCoav2csqn4FOz4Orldsy2dmDwmQ=="
        }
      }
    },
    "is-plain-obj": {
      "version": "1.1.0",
      "resolved": "https://registry.npmjs.org/is-plain-obj/-/is-plain-obj-1.1.0.tgz",
      "integrity": "sha1-caUMhCnfync8kqOQpKA7OfzVHT4="
    },
    "is-regexp": {
      "version": "1.0.0",
      "resolved": "https://registry.npmjs.org/is-regexp/-/is-regexp-1.0.0.tgz",
      "integrity": "sha1-/S2INUXEa6xaYz57mgnof6LLUGk="
    },
    "isemail": {
      "version": "1.2.0",
      "resolved": "https://registry.npmjs.org/isemail/-/isemail-1.2.0.tgz",
      "integrity": "sha1-vgPfjMPineTSxd9lASY/H6RZXpo="
    },
    "items": {
      "version": "1.1.1",
      "resolved": "https://registry.npmjs.org/items/-/items-1.1.1.tgz",
      "integrity": "sha1-Q1td0hvKKLPP0lu1xrJ4txUBD9k="
    },
    "jade": {
      "version": "0.26.3",
      "resolved": "https://registry.npmjs.org/jade/-/jade-0.26.3.tgz",
      "integrity": "sha1-jxDXl32NefL2/4YqgbBRPMslaGw=",
      "dev": true,
      "requires": {
        "commander": "0.6.1",
        "mkdirp": "0.3.0"
      },
      "dependencies": {
        "commander": {
          "version": "0.6.1",
          "resolved": "https://registry.npmjs.org/commander/-/commander-0.6.1.tgz",
          "integrity": "sha1-+mihT2qUXVTbvlDYzbMyDp47GgY=",
          "dev": true
        },
        "mkdirp": {
          "version": "0.3.0",
          "resolved": "https://registry.npmjs.org/mkdirp/-/mkdirp-0.3.0.tgz",
          "integrity": "sha1-G79asbqCevI1dRQ0kEJkVfSB/h4=",
          "dev": true
        }
      }
    },
    "joi": {
      "version": "6.10.1",
      "resolved": "https://registry.npmjs.org/joi/-/joi-6.10.1.tgz",
      "integrity": "sha1-TVDDGAeRIgAP5fFq8f+OGRe3fgY=",
      "requires": {
        "hoek": "2.16.3",
        "isemail": "1.2.0",
        "moment": "2.18.1",
        "topo": "1.1.0"
      }
    },
    "lolex": {
      "version": "1.3.2",
      "resolved": "https://registry.npmjs.org/lolex/-/lolex-1.3.2.tgz",
      "integrity": "sha1-fD2mL/yzDw9agKJWbKJORdigHzE=",
      "dev": true
    },
    "lru-cache": {
      "version": "2.7.3",
      "resolved": "https://registry.npmjs.org/lru-cache/-/lru-cache-2.7.3.tgz",
      "integrity": "sha1-bUUk6LlV+V1PW1iFHOId1y+06VI="
    },
    "mime-db": {
      "version": "1.30.0",
      "resolved": "https://registry.npmjs.org/mime-db/-/mime-db-1.30.0.tgz",
      "integrity": "sha1-dMZD2i3Z1qRTmZY0ZbJtXKfXHwE="
    },
    "mimos": {
      "version": "3.0.3",
      "resolved": "https://registry.npmjs.org/mimos/-/mimos-3.0.3.tgz",
      "integrity": "sha1-uRCQcq03jCty9qAQHEPd+ys2ZB8=",
      "requires": {
        "hoek": "4.2.0",
        "mime-db": "1.30.0"
      },
      "dependencies": {
        "hoek": {
          "version": "4.2.0",
          "resolved": "https://registry.npmjs.org/hoek/-/hoek-4.2.0.tgz",
          "integrity": "sha512-v0XCLxICi9nPfYrS9RL8HbYnXi9obYAeLbSP00BmnZwCK9+Ih9WOjoZ8YoHCoav2csqn4FOz4Orldsy2dmDwmQ=="
        }
      }
    },
    "minimatch": {
      "version": "3.0.4",
      "resolved": "https://registry.npmjs.org/minimatch/-/minimatch-3.0.4.tgz",
      "integrity": "sha512-yJHVQEhyqPLUTgt9B83PXu6W3rx4MvvHvSUvToogpwoGDOUQ+yDrR0HRot+yOCdCO7u4hX3pWft6kWBBcqh0UA==",
      "requires": {
        "brace-expansion": "1.1.8"
      }
    },
    "minimist": {
      "version": "0.0.8",
      "resolved": "https://registry.npmjs.org/minimist/-/minimist-0.0.8.tgz",
      "integrity": "sha1-hX/Kv8M5fSYluCKCYuhqp6ARsF0="
    },
    "mkdirp": {
      "version": "0.3.5",
      "resolved": "https://registry.npmjs.org/mkdirp/-/mkdirp-0.3.5.tgz",
      "integrity": "sha1-3j5fiWHIjHh+4TaN+EmsRBPsqNc="
    },
    "mocha": {
      "version": "1.21.5",
      "resolved": "https://registry.npmjs.org/mocha/-/mocha-1.21.5.tgz",
      "integrity": "sha1-fFiwkXTfl25DSiOx6NY5hz/FKek=",
      "dev": true,
      "requires": {
        "commander": "2.3.0",
        "debug": "2.0.0",
        "diff": "1.0.8",
        "escape-string-regexp": "1.0.2",
        "glob": "3.2.3",
        "growl": "1.8.1",
        "jade": "0.26.3",
        "mkdirp": "0.5.0"
      },
      "dependencies": {
        "commander": {
          "version": "2.3.0",
          "resolved": "https://registry.npmjs.org/commander/-/commander-2.3.0.tgz",
          "integrity": "sha1-/UMOiJgy7DU7ms0d4hfBHLPu+HM=",
          "dev": true
        },
        "debug": {
          "version": "2.0.0",
          "resolved": "https://registry.npmjs.org/debug/-/debug-2.0.0.tgz",
          "integrity": "sha1-ib2d9nMrUSVrxnBTQrugLtEhMe8=",
          "dev": true,
          "requires": {
            "ms": "0.6.2"
          }
        },
        "glob": {
          "version": "3.2.3",
          "resolved": "https://registry.npmjs.org/glob/-/glob-3.2.3.tgz",
          "integrity": "sha1-4xPusknHr/qlxHUoaw4RW1mDlGc=",
          "dev": true,
          "requires": {
            "graceful-fs": "2.0.3",
            "inherits": "2.0.3",
            "minimatch": "0.2.14"
          }
        },
        "minimatch": {
          "version": "0.2.14",
          "resolved": "https://registry.npmjs.org/minimatch/-/minimatch-0.2.14.tgz",
          "integrity": "sha1-x054BXT2PG+aCQ6Q775u9TpqdWo=",
          "dev": true,
          "requires": {
            "lru-cache": "2.7.3",
            "sigmund": "1.0.1"
          }
        },
        "mkdirp": {
          "version": "0.5.0",
          "resolved": "https://registry.npmjs.org/mkdirp/-/mkdirp-0.5.0.tgz",
          "integrity": "sha1-HXMHam35hs2TROFecfzAWkyavxI=",
          "dev": true,
          "requires": {
            "minimist": "0.0.8"
          }
        },
        "ms": {
          "version": "0.6.2",
          "resolved": "https://registry.npmjs.org/ms/-/ms-0.6.2.tgz",
          "integrity": "sha1-2JwhJMb9wTU9Zai3e/GqxLGTcIw=",
          "dev": true
        }
      }
    },
    "moment": {
      "version": "2.18.1",
      "resolved": "https://registry.npmjs.org/moment/-/moment-2.18.1.tgz",
      "integrity": "sha1-w2GT3Tzhwu7SrbfIAtu8d6gbHA8="
    },
    "mout": {
      "version": "0.12.0",
      "resolved": "https://registry.npmjs.org/mout/-/mout-0.12.0.tgz",
      "integrity": "sha1-bVskLuMx+dBMaOWPd6kaMGDoyss=",
      "dev": true
    },
    "ms": {
      "version": "2.0.0",
      "resolved": "https://registry.npmjs.org/ms/-/ms-2.0.0.tgz",
      "integrity": "sha1-VgiurfwAvmwpAd9fmGF4jeDVl8g="
    },
    "nigel": {
      "version": "2.0.2",
      "resolved": "https://registry.npmjs.org/nigel/-/nigel-2.0.2.tgz",
      "integrity": "sha1-k6GGb7DFLYc5CqdeKxYfS1x15bE=",
      "requires": {
        "hoek": "4.2.0",
        "vise": "2.0.2"
      },
      "dependencies": {
        "hoek": {
          "version": "4.2.0",
          "resolved": "https://registry.npmjs.org/hoek/-/hoek-4.2.0.tgz",
          "integrity": "sha512-v0XCLxICi9nPfYrS9RL8HbYnXi9obYAeLbSP00BmnZwCK9+Ih9WOjoZ8YoHCoav2csqn4FOz4Orldsy2dmDwmQ=="
        }
      }
    },
    "node-uuid": {
      "version": "1.4.8",
      "resolved": "https://registry.npmjs.org/node-uuid/-/node-uuid-1.4.8.tgz",
      "integrity": "sha1-sEDrCSOWivq/jTL7HxfxFn/auQc=",
      "dev": true
    },
    "once": {
      "version": "1.4.0",
      "resolved": "https://registry.npmjs.org/once/-/once-1.4.0.tgz",
      "integrity": "sha1-WDsap3WWHUsROsF9nFC6753Xa9E=",
      "requires": {
        "wrappy": "1.0.2"
      }
    },
    "path-is-absolute": {
      "version": "1.0.1",
      "resolved": "https://registry.npmjs.org/path-is-absolute/-/path-is-absolute-1.0.1.tgz",
      "integrity": "sha1-F0uSaHNVNP+8es5r9TpanhtcX18="
    },
    "pez": {
      "version": "2.1.5",
      "resolved": "https://registry.npmjs.org/pez/-/pez-2.1.5.tgz",
      "integrity": "sha1-XsLMYlAMw+tCNtSkFM9aF7XrUAc=",
      "requires": {
        "b64": "3.0.3",
        "boom": "5.2.0",
        "content": "3.0.6",
        "hoek": "4.2.0",
        "nigel": "2.0.2"
      },
      "dependencies": {
        "boom": {
          "version": "5.2.0",
          "resolved": "https://registry.npmjs.org/boom/-/boom-5.2.0.tgz",
          "integrity": "sha512-Z5BTk6ZRe4tXXQlkqftmsAUANpXmuwlsF5Oov8ThoMbQRzdGTA1ngYRW160GexgOgjsFOKJz0LYhoNi+2AMBUw==",
          "requires": {
            "hoek": "4.2.0"
          }
        },
        "hoek": {
          "version": "4.2.0",
          "resolved": "https://registry.npmjs.org/hoek/-/hoek-4.2.0.tgz",
          "integrity": "sha512-v0XCLxICi9nPfYrS9RL8HbYnXi9obYAeLbSP00BmnZwCK9+Ih9WOjoZ8YoHCoav2csqn4FOz4Orldsy2dmDwmQ=="
        }
      }
    },
    "podium": {
      "version": "1.3.0",
      "resolved": "https://registry.npmjs.org/podium/-/podium-1.3.0.tgz",
      "integrity": "sha512-ZIujqk1pv8bRZNVxwwwq0BhXilZ2udycQT3Kp8ah3f3TcTmVg7ILJsv/oLf47gRa2qeiP584lNq+pfvS9U3aow==",
      "requires": {
        "hoek": "4.2.0",
        "items": "2.1.1",
        "joi": "10.6.0"
      },
      "dependencies": {
        "hoek": {
          "version": "4.2.0",
          "resolved": "https://registry.npmjs.org/hoek/-/hoek-4.2.0.tgz",
          "integrity": "sha512-v0XCLxICi9nPfYrS9RL8HbYnXi9obYAeLbSP00BmnZwCK9+Ih9WOjoZ8YoHCoav2csqn4FOz4Orldsy2dmDwmQ=="
        },
        "isemail": {
          "version": "2.2.1",
          "resolved": "https://registry.npmjs.org/isemail/-/isemail-2.2.1.tgz",
          "integrity": "sha1-A1PT2aYpUQgMJiwqoKQrjqjp4qY="
        },
        "items": {
          "version": "2.1.1",
          "resolved": "https://registry.npmjs.org/items/-/items-2.1.1.tgz",
          "integrity": "sha1-i9FtnIOxlSneWuoyGsqtp4NkoZg="
        },
        "joi": {
          "version": "10.6.0",
          "resolved": "https://registry.npmjs.org/joi/-/joi-10.6.0.tgz",
          "integrity": "sha512-hBF3LcqyAid+9X/pwg+eXjD2QBZI5eXnBFJYaAkH4SK3mp9QSRiiQnDYlmlz5pccMvnLcJRS4whhDOTCkmsAdQ==",
          "requires": {
            "hoek": "4.2.0",
            "isemail": "2.2.1",
            "items": "2.1.1",
            "topo": "2.0.2"
          }
        },
        "topo": {
          "version": "2.0.2",
          "resolved": "https://registry.npmjs.org/topo/-/topo-2.0.2.tgz",
          "integrity": "sha1-zVYVdSU5BXwNwEkaYhw7xvvh0YI=",
          "requires": {
            "hoek": "4.2.0"
          }
        }
      }
    },
    "rimraf": {
      "version": "2.5.1",
      "resolved": "https://registry.npmjs.org/rimraf/-/rimraf-2.5.1.tgz",
      "integrity": "sha1-UuHpRvP5ubDV2JiLoxkaryotvUM=",
      "dev": true,
      "requires": {
        "glob": "6.0.4"
      }
    },
    "samsam": {
      "version": "1.1.2",
      "resolved": "https://registry.npmjs.org/samsam/-/samsam-1.1.2.tgz",
      "integrity": "sha1-vsEf3IOp/aBjQBIQ5AF2wwJNFWc=",
      "dev": true
    },
    "sax": {
      "version": "0.5.8",
      "resolved": "https://registry.npmjs.org/sax/-/sax-0.5.8.tgz",
      "integrity": "sha1-1HLbIo6zMcJQaw6MFVJK25OdEsE="
    },
    "shot": {
      "version": "3.4.2",
      "resolved": "https://registry.npmjs.org/shot/-/shot-3.4.2.tgz",
      "integrity": "sha1-Hlw/bysmZJrcQvfrNQIUpaApHWc=",
      "requires": {
        "hoek": "4.2.0",
        "joi": "10.6.0"
      },
      "dependencies": {
        "hoek": {
          "version": "4.2.0",
          "resolved": "https://registry.npmjs.org/hoek/-/hoek-4.2.0.tgz",
          "integrity": "sha512-v0XCLxICi9nPfYrS9RL8HbYnXi9obYAeLbSP00BmnZwCK9+Ih9WOjoZ8YoHCoav2csqn4FOz4Orldsy2dmDwmQ=="
        },
        "isemail": {
          "version": "2.2.1",
          "resolved": "https://registry.npmjs.org/isemail/-/isemail-2.2.1.tgz",
          "integrity": "sha1-A1PT2aYpUQgMJiwqoKQrjqjp4qY="
        },
        "items": {
          "version": "2.1.1",
          "resolved": "https://registry.npmjs.org/items/-/items-2.1.1.tgz",
          "integrity": "sha1-i9FtnIOxlSneWuoyGsqtp4NkoZg="
        },
        "joi": {
          "version": "10.6.0",
          "resolved": "https://registry.npmjs.org/joi/-/joi-10.6.0.tgz",
          "integrity": "sha512-hBF3LcqyAid+9X/pwg+eXjD2QBZI5eXnBFJYaAkH4SK3mp9QSRiiQnDYlmlz5pccMvnLcJRS4whhDOTCkmsAdQ==",
          "requires": {
            "hoek": "4.2.0",
            "isemail": "2.2.1",
            "items": "2.1.1",
            "topo": "2.0.2"
          }
        },
        "topo": {
          "version": "2.0.2",
          "resolved": "https://registry.npmjs.org/topo/-/topo-2.0.2.tgz",
          "integrity": "sha1-zVYVdSU5BXwNwEkaYhw7xvvh0YI=",
          "requires": {
            "hoek": "4.2.0"
          }
        }
      }
    },
    "sigmund": {
      "version": "1.0.1",
      "resolved": "https://registry.npmjs.org/sigmund/-/sigmund-1.0.1.tgz",
      "integrity": "sha1-P/IfGYytIXX587eBhT/ZTQ0ZtZA=",
      "dev": true
    },
    "sinon": {
      "version": "1.17.3",
      "resolved": "https://registry.npmjs.org/sinon/-/sinon-1.17.3.tgz",
      "integrity": "sha1-RNZLx0jQI4gARsFUPO/Oo0xH0X4=",
      "dev": true,
      "requires": {
        "formatio": "1.1.1",
        "lolex": "1.3.2",
        "samsam": "1.1.2",
        "util": "0.10.3"
      }
    },
    "sinon-chai": {
      "version": "2.8.0",
      "resolved": "https://registry.npmjs.org/sinon-chai/-/sinon-chai-2.8.0.tgz",
      "integrity": "sha1-Qyqbv9Uab8AHmPTSUmqCnAYGh6w=",
      "dev": true
    },
    "source-map": {
      "version": "0.1.43",
      "resolved": "https://registry.npmjs.org/source-map/-/source-map-0.1.43.tgz",
      "integrity": "sha1-wkvBRspRfBRx9drL4lcbK3+eM0Y=",
      "requires": {
        "amdefine": "1.0.1"
      }
    },
    "statehood": {
      "version": "5.0.3",
      "resolved": "https://registry.npmjs.org/statehood/-/statehood-5.0.3.tgz",
      "integrity": "sha512-YrPrCt10t3ImH/JMO5szSwX7sCm8HoqVl3VFLOa9EZ1g/qJx/ZmMhN+2uzPPB/vaU6hpkJpXxcBWsgIkkG+MXA==",
      "requires": {
        "boom": "5.2.0",
        "cryptiles": "3.1.2",
        "hoek": "4.2.0",
        "iron": "4.0.5",
        "items": "2.1.1",
        "joi": "10.6.0"
      },
      "dependencies": {
        "boom": {
          "version": "5.2.0",
          "resolved": "https://registry.npmjs.org/boom/-/boom-5.2.0.tgz",
          "integrity": "sha512-Z5BTk6ZRe4tXXQlkqftmsAUANpXmuwlsF5Oov8ThoMbQRzdGTA1ngYRW160GexgOgjsFOKJz0LYhoNi+2AMBUw==",
          "requires": {
            "hoek": "4.2.0"
          }
        },
        "hoek": {
          "version": "4.2.0",
          "resolved": "https://registry.npmjs.org/hoek/-/hoek-4.2.0.tgz",
          "integrity": "sha512-v0XCLxICi9nPfYrS9RL8HbYnXi9obYAeLbSP00BmnZwCK9+Ih9WOjoZ8YoHCoav2csqn4FOz4Orldsy2dmDwmQ=="
        },
        "isemail": {
          "version": "2.2.1",
          "resolved": "https://registry.npmjs.org/isemail/-/isemail-2.2.1.tgz",
          "integrity": "sha1-A1PT2aYpUQgMJiwqoKQrjqjp4qY="
        },
        "items": {
          "version": "2.1.1",
          "resolved": "https://registry.npmjs.org/items/-/items-2.1.1.tgz",
          "integrity": "sha1-i9FtnIOxlSneWuoyGsqtp4NkoZg="
        },
        "joi": {
          "version": "10.6.0",
          "resolved": "https://registry.npmjs.org/joi/-/joi-10.6.0.tgz",
          "integrity": "sha512-hBF3LcqyAid+9X/pwg+eXjD2QBZI5eXnBFJYaAkH4SK3mp9QSRiiQnDYlmlz5pccMvnLcJRS4whhDOTCkmsAdQ==",
          "requires": {
            "hoek": "4.2.0",
            "isemail": "2.2.1",
            "items": "2.1.1",
            "topo": "2.0.2"
          }
        },
        "topo": {
          "version": "2.0.2",
          "resolved": "https://registry.npmjs.org/topo/-/topo-2.0.2.tgz",
          "integrity": "sha1-zVYVdSU5BXwNwEkaYhw7xvvh0YI=",
          "requires": {
            "hoek": "4.2.0"
          }
        }
      }
    },
    "stringify-object": {
      "version": "2.3.1",
      "resolved": "https://registry.npmjs.org/stringify-object/-/stringify-object-2.3.1.tgz",
      "integrity": "sha1-V0RJoboRMy/b4jy5+YPZAkLN6Lo=",
      "requires": {
        "is-plain-obj": "1.1.0",
        "is-regexp": "1.0.0"
      }
    },
    "stylus": {
      "version": "0.54.5",
      "resolved": "https://registry.npmjs.org/stylus/-/stylus-0.54.5.tgz",
      "integrity": "sha1-QrlWCTHKcJDOhRWnmLqeaqPW3Hk=",
      "requires": {
        "css-parse": "1.7.0",
        "debug": "3.0.1",
        "glob": "7.0.6",
        "mkdirp": "0.5.1",
        "sax": "0.5.8",
        "source-map": "0.1.43"
      },
      "dependencies": {
        "glob": {
          "version": "7.0.6",
          "resolved": "https://registry.npmjs.org/glob/-/glob-7.0.6.tgz",
          "integrity": "sha1-IRuvr0nlJbjNkyYNFKsTYVKz9Xo=",
          "requires": {
            "fs.realpath": "1.0.0",
            "inflight": "1.0.6",
            "inherits": "2.0.3",
            "minimatch": "3.0.4",
            "once": "1.4.0",
            "path-is-absolute": "1.0.1"
          }
        },
        "mkdirp": {
          "version": "0.5.1",
          "resolved": "https://registry.npmjs.org/mkdirp/-/mkdirp-0.5.1.tgz",
          "integrity": "sha1-MAV0OOrGz3+MR2fzhkjWaX11yQM=",
          "requires": {
            "minimist": "0.0.8"
          }
        }
      }
    },
    "subtext": {
      "version": "5.0.0",
      "resolved": "https://registry.npmjs.org/subtext/-/subtext-5.0.0.tgz",
      "integrity": "sha512-2nXG1G1V+K64Z20cQII7k0s38J2DSycMXBLMAk9RXUFG0uAkAbLSVoa88croX9VhTdBCJbLAe9g6LmzKwpJhhQ==",
      "requires": {
        "boom": "5.2.0",
        "content": "3.0.6",
        "hoek": "4.2.0",
        "pez": "2.1.5",
        "wreck": "12.5.0"
      },
      "dependencies": {
        "boom": {
          "version": "5.2.0",
          "resolved": "https://registry.npmjs.org/boom/-/boom-5.2.0.tgz",
          "integrity": "sha512-Z5BTk6ZRe4tXXQlkqftmsAUANpXmuwlsF5Oov8ThoMbQRzdGTA1ngYRW160GexgOgjsFOKJz0LYhoNi+2AMBUw==",
          "requires": {
            "hoek": "4.2.0"
          }
        },
        "hoek": {
          "version": "4.2.0",
          "resolved": "https://registry.npmjs.org/hoek/-/hoek-4.2.0.tgz",
          "integrity": "sha512-v0XCLxICi9nPfYrS9RL8HbYnXi9obYAeLbSP00BmnZwCK9+Ih9WOjoZ8YoHCoav2csqn4FOz4Orldsy2dmDwmQ=="
        }
      }
    },
    "topo": {
      "version": "1.1.0",
      "resolved": "https://registry.npmjs.org/topo/-/topo-1.1.0.tgz",
      "integrity": "sha1-6ddRYV0buH3IZdsYL6HKCl71NtU=",
      "requires": {
        "hoek": "2.16.3"
      }
    },
    "type-detect": {
      "version": "1.0.0",
      "resolved": "https://registry.npmjs.org/type-detect/-/type-detect-1.0.0.tgz",
      "integrity": "sha1-diIXzAbbJY7EiQihKY6LlRIejqI=",
      "dev": true
    },
    "util": {
      "version": "0.10.3",
      "resolved": "https://registry.npmjs.org/util/-/util-0.10.3.tgz",
      "integrity": "sha1-evsa/lCAUkZInj23/g7TeTNqwPk=",
      "dev": true,
      "requires": {
        "inherits": "2.0.1"
      },
      "dependencies": {
        "inherits": {
          "version": "2.0.1",
          "resolved": "https://registry.npmjs.org/inherits/-/inherits-2.0.1.tgz",
          "integrity": "sha1-sX0I0ya0Qj5Wjv9xn5GwscvfafE=",
          "dev": true
        }
      }
    },
    "vise": {
      "version": "2.0.2",
      "resolved": "https://registry.npmjs.org/vise/-/vise-2.0.2.tgz",
      "integrity": "sha1-awjo+0y3bjpQzW3Q7DczjoEaDTk=",
      "requires": {
        "hoek": "4.2.0"
      },
      "dependencies": {
        "hoek": {
          "version": "4.2.0",
          "resolved": "https://registry.npmjs.org/hoek/-/hoek-4.2.0.tgz",
          "integrity": "sha512-v0XCLxICi9nPfYrS9RL8HbYnXi9obYAeLbSP00BmnZwCK9+Ih9WOjoZ8YoHCoav2csqn4FOz4Orldsy2dmDwmQ=="
        }
      }
    },
    "wrappy": {
      "version": "1.0.2",
      "resolved": "https://registry.npmjs.org/wrappy/-/wrappy-1.0.2.tgz",
      "integrity": "sha1-tSQ9jz7BqjXxNkYFvA0QNuMKtp8="
    },
    "wreck": {
      "version": "12.5.0",
      "resolved": "https://registry.npmjs.org/wreck/-/wreck-12.5.0.tgz",
      "integrity": "sha512-O2wljTGaQhlhhNLrpTDCecBw/Oa4aeUZ77ql2bOudD/phlHRJDT7ksoz9nFOX7eyLDkCG/QT5eH4FGTA34CHNw==",
      "requires": {
        "boom": "5.2.0",
        "hoek": "4.2.0"
      },
      "dependencies": {
        "boom": {
          "version": "5.2.0",
          "resolved": "https://registry.npmjs.org/boom/-/boom-5.2.0.tgz",
          "integrity": "sha512-Z5BTk6ZRe4tXXQlkqftmsAUANpXmuwlsF5Oov8ThoMbQRzdGTA1ngYRW160GexgOgjsFOKJz0LYhoNi+2AMBUw==",
          "requires": {
            "hoek": "4.2.0"
          }
        },
        "hoek": {
          "version": "4.2.0",
          "resolved": "https://registry.npmjs.org/hoek/-/hoek-4.2.0.tgz",
          "integrity": "sha512-v0XCLxICi9nPfYrS9RL8HbYnXi9obYAeLbSP00BmnZwCK9+Ih9WOjoZ8YoHCoav2csqn4FOz4Orldsy2dmDwmQ=="
        }
      }
    },
    "zool-test-support": {
      "version": "0.1.2",
      "resolved": "https://registry.npmjs.org/zool-test-support/-/zool-test-support-0.1.2.tgz",
      "integrity": "sha1-+IlsBB4dkCC2Q1sMNP5ulQFdPP4=",
      "dev": true,
      "requires": {
        "mkdirp": "0.5.1",
        "mout": "0.12.0",
        "node-uuid": "1.4.8",
        "rimraf": "2.5.1"
      },
      "dependencies": {
        "mkdirp": {
          "version": "0.5.1",
          "resolved": "https://registry.npmjs.org/mkdirp/-/mkdirp-0.5.1.tgz",
          "integrity": "sha1-MAV0OOrGz3+MR2fzhkjWaX11yQM=",
          "dev": true,
          "requires": {
            "minimist": "0.0.8"
          }
        }
      }
    },
    "zool-utils": {
      "version": "0.2.0",
      "resolved": "https://registry.npmjs.org/zool-utils/-/zool-utils-0.2.0.tgz",
      "integrity": "sha1-AmgZ0dHMs9ve8gJ+BOAdgTY+fnA=",
      "requires": {
        "colors": "1.1.2",
        "stringify-object": "2.3.1"
      }
    }
  }
}
